
Microsoft Visual Studio Solution File, Format Version 12.00
# Visual Studio Version 17
VisualStudioVersion = 17.9.34728.123
MinimumVisualStudioVersion = 10.0.40219.1
Project("{FAE04EC0-301F-11D3-BF4B-00C04F79EFBC}") = "LaPoderosa", "LaPoderosa\LaPoderosa.csproj", "{C793C978-CBD4-4762-9B43-CC525C2B9CBE}"
EndProject
Global
	GlobalSection(SolutionConfigurationPlatforms) = preSolution
		Debug|Any CPU = Debug|Any CPU
		Release|Any CPU = Release|Any CPU
	EndGlobalSection
	GlobalSection(ProjectConfigurationPlatforms) = postSolution
		{C793C978-CBD4-4762-9B43-CC525C2B9CBE}.Debug|Any CPU.ActiveCfg = Debug|Any CPU
		{C793C978-CBD4-4762-9B43-CC525C2B9CBE}.Debug|Any CPU.Build.0 = Debug|Any CPU
		{C793C978-CBD4-4762-9B43-CC525C2B9CBE}.Debug|Any CPU.Deploy.0 = Debug|Any CPU
		{C793C978-CBD4-4762-9B43-CC525C2B9CBE}.Release|Any CPU.ActiveCfg = Release|Any CPU
		{C793C978-CBD4-4762-9B43-CC525C2B9CBE}.Release|Any CPU.Build.0 = Release|Any CPU
		{C793C978-CBD4-4762-9B43-CC525C2B9CBE}.Release|Any CPU.Deploy.0 = Release|Any CPU
	EndGlobalSection
	GlobalSection(SolutionProperties) = preSolution
		HideSolutionNode = FALSE
	EndGlobalSection
	GlobalSection(ExtensibilityGlobals) = postSolution
		SolutionGuid = {56BBE27F-6FEB-42E8-B051-8C809B7788F0}
	EndGlobalSection
EndGlobal
